
Microsoft Visual Studio Solution File, Format Version 12.00
# Visual Studio 15
Project("{FAE04EC0-301F-11D3-BF4B-00C04F79EFBC}") = "Tomki_EXTRA", "Tomki_EXTRA\Tomki_EXTRA.csproj", "{49C84809-2692-4BFD-803C-6FF905EF6265}"
EndProject
Project("{FAE04EC0-301F-11D3-BF4B-00C04F79EFBC}") = "Extra02", "Extra02\Extra02.csproj", "{FE9671A3-AD3E-4F30-8068-DD153F90BA65}"
EndProject
Global
	GlobalSection(SolutionConfigurationPlatforms) = preSolution
		Debug|Any CPU = Debug|Any CPU
		Release|Any CPU = Release|Any CPU
	EndGlobalSection
	GlobalSection(ProjectConfigurationPlatforms) = postSolution
		{49C84809-2692-4BFD-803C-6FF905EF6265}.Debug|Any CPU.ActiveCfg = Debug|Any CPU
		{49C84809-2692-4BFD-803C-6FF905EF6265}.Debug|Any CPU.Build.0 = Debug|Any CPU
		{49C84809-2692-4BFD-803C-6FF905EF6265}.Release|Any CPU.ActiveCfg = Release|Any CPU
		{49C84809-2692-4BFD-803C-6FF905EF6265}.Release|Any CPU.Build.0 = Release|Any CPU
		{FE9671A3-AD3E-4F30-8068-DD153F90BA65}.Debug|Any CPU.ActiveCfg = Debug|Any CPU
		{FE9671A3-AD3E-4F30-8068-DD153F90BA65}.Debug|Any CPU.Build.0 = Debug|Any CPU
		{FE9671A3-AD3E-4F30-8068-DD153F90BA65}.Release|Any CPU.ActiveCfg = Release|Any CPU
		{FE9671A3-AD3E-4F30-8068-DD153F90BA65}.Release|Any CPU.Build.0 = Release|Any CPU
	EndGlobalSection
EndGlobal
